// !$*UTF8*$!
{
	archiveVersion = 1;
	classes = {
	};
	objectVersion = 46;
	objects = {

/* Begin PBXBuildFile section */
		9D1013A81CD6D22400809A32 /* AppDelegate.swift in Sources */ = {isa = PBXBuildFile; fileRef = 9D1013A71CD6D22400809A32 /* AppDelegate.swift */; };
		9D1013AA1CD6D22400809A32 /* ViewController.swift in Sources */ = {isa = PBXBuildFile; fileRef = 9D1013A91CD6D22400809A32 /* ViewController.swift */; };
		9D1013AD1CD6D22400809A32 /* Main.storyboard in Resources */ = {isa = PBXBuildFile; fileRef = 9D1013AB1CD6D22400809A32 /* Main.storyboard */; };
		9D1013AF1CD6D22400809A32 /* Assets.xcassets in Resources */ = {isa = PBXBuildFile; fileRef = 9D1013AE1CD6D22400809A32 /* Assets.xcassets */; };
		9D1013B21CD6D22400809A32 /* LaunchScreen.storyboard in Resources */ = {isa = PBXBuildFile; fileRef = 9D1013B01CD6D22400809A32 /* LaunchScreen.storyboard */; };
		9D1013BC1CD6D46D00809A32 /* CustomCell.swift in Sources */ = {isa = PBXBuildFile; fileRef = 9D1013BB1CD6D46D00809A32 /* CustomCell.swift */; };
		9D5ED45B1CE2DC78003F997C /* QuestionViewController.swift in Sources */ = {isa = PBXBuildFile; fileRef = 9D5ED45A1CE2DC78003F997C /* QuestionViewController.swift */; };
		9D5ED45D1CE2DCEF003F997C /* AnswerViewController.swift in Sources */ = {isa = PBXBuildFile; fileRef = 9D5ED45C1CE2DCEF003F997C /* AnswerViewController.swift */; };
		9D5ED45F1CE2DD31003F997C /* ResultsViewController.swift in Sources */ = {isa = PBXBuildFile; fileRef = 9D5ED45E1CE2DD31003F997C /* ResultsViewController.swift */; };
		9D5ED4611CE2E02D003F997C /* question.swift in Sources */ = {isa = PBXBuildFile; fileRef = 9D5ED4601CE2E02D003F997C /* question.swift */; };
		9D5ED4631CE2E1CA003F997C /* topic.swift in Sources */ = {isa = PBXBuildFile; fileRef = 9D5ED4621CE2E1CA003F997C /* topic.swift */; };
		9D95EC681CE6A827004266A3 /* Info.swift in Sources */ = {isa = PBXBuildFile; fileRef = 9D95EC671CE6A827004266A3 /* Info.swift */; };
/* End PBXBuildFile section */

/* Begin PBXFileReference section */
		9D1013A41CD6D22400809A32 /* iQuiz.app */ = {isa = PBXFileReference; explicitFileType = wrapper.application; includeInIndex = 0; path = iQuiz.app; sourceTree = BUILT_PRODUCTS_DIR; };
		9D1013A71CD6D22400809A32 /* AppDelegate.swift */ = {isa = PBXFileReference; lastKnownFileType = sourcecode.swift; path = AppDelegate.swift; sourceTree = "<group>"; };
		9D1013A91CD6D22400809A32 /* ViewController.swift */ = {isa = PBXFileReference; lastKnownFileType = sourcecode.swift; path = ViewController.swift; sourceTree = "<group>"; };
		9D1013AC1CD6D22400809A32 /* Base */ = {isa = PBXFileReference; lastKnownFileType = file.storyboard; name = Base; path = Base.lproj/Main.storyboard; sourceTree = "<group>"; };
		9D1013AE1CD6D22400809A32 /* Assets.xcassets */ = {isa = PBXFileReference; lastKnownFileType = folder.assetcatalog; path = Assets.xcassets; sourceTree = "<group>"; };
		9D1013B11CD6D22400809A32 /* Base */ = {isa = PBXFileReference; lastKnownFileType = file.storyboard; name = Base; path = Base.lproj/LaunchScreen.storyboard; sourceTree = "<group>"; };
		9D1013B31CD6D22400809A32 /* Info.plist */ = {isa = PBXFileReference; lastKnownFileType = text.plist.xml; path = Info.plist; sourceTree = "<group>"; };
		9D1013BB1CD6D46D00809A32 /* CustomCell.swift */ = {isa = PBXFileReference; fileEncoding = 4; lastKnownFileType = sourcecode.swift; name = CustomCell.swift; path = ../CustomCell.swift; sourceTree = "<group>"; };
		9D5ED45A1CE2DC78003F997C /* QuestionViewController.swift */ = {isa = PBXFileReference; fileEncoding = 4; lastKnownFileType = sourcecode.swift; path = QuestionViewController.swift; sourceTree = "<group>"; };
		9D5ED45C1CE2DCEF003F997C /* AnswerViewController.swift */ = {isa = PBXFileReference; fileEncoding = 4; lastKnownFileType = sourcecode.swift; path = AnswerViewController.swift; sourceTree = "<group>"; };
		9D5ED45E1CE2DD31003F997C /* ResultsViewController.swift */ = {isa = PBXFileReference; fileEncoding = 4; lastKnownFileType = sourcecode.swift; path = ResultsViewController.swift; sourceTree = "<group>"; };
		9D5ED4601CE2E02D003F997C /* question.swift */ = {isa = PBXFileReference; fileEncoding = 4; lastKnownFileType = sourcecode.swift; path = question.swift; sourceTree = "<group>"; };
		9D5ED4621CE2E1CA003F997C /* topic.swift */ = {isa = PBXFileReference; fileEncoding = 4; lastKnownFileType = sourcecode.swift; path = topic.swift; sourceTree = "<group>"; };
		9D95EC671CE6A827004266A3 /* Info.swift */ = {isa = PBXFileReference; fileEncoding = 4; lastKnownFileType = sourcecode.swift; path = Info.swift; sourceTree = "<group>"; };
/* End PBXFileReference section */

/* Begin PBXFrameworksBuildPhase section */
		9D1013A11CD6D22400809A32 /* Frameworks */ = {
			isa = PBXFrameworksBuildPhase;
			buildActionMask = 2147483647;
			files = (
			);
			runOnlyForDeploymentPostprocessing = 0;
		};
/* End PBXFrameworksBuildPhase section */

/* Begin PBXGroup section */
		9D10139B1CD6D22400809A32 = {
			isa = PBXGroup;
			children = (
				9D1013A61CD6D22400809A32 /* iQuiz */,
				9D1013A51CD6D22400809A32 /* Products */,
			);
			sourceTree = "<group>";
		};
		9D1013A51CD6D22400809A32 /* Products */ = {
			isa = PBXGroup;
			children = (
				9D1013A41CD6D22400809A32 /* iQuiz.app */,
			);
			name = Products;
			sourceTree = "<group>";
		};
		9D1013A61CD6D22400809A32 /* iQuiz */ = {
			isa = PBXGroup;
			children = (
				9D1013BB1CD6D46D00809A32 /* CustomCell.swift */,
				9D1013A71CD6D22400809A32 /* AppDelegate.swift */,
				9D1013A91CD6D22400809A32 /* ViewController.swift */,
				9D5ED4601CE2E02D003F997C /* question.swift */,
				9D5ED4621CE2E1CA003F997C /* topic.swift */,
				9D95EC671CE6A827004266A3 /* Info.swift */,
				9D1013AB1CD6D22400809A32 /* Main.storyboard */,
				9D5ED45A1CE2DC78003F997C /* QuestionViewController.swift */,
				9D5ED45E1CE2DD31003F997C /* ResultsViewController.swift */,
				9D5ED45C1CE2DCEF003F997C /* AnswerViewController.swift */,
				9D1013AE1CD6D22400809A32 /* Assets.xcassets */,
				9D1013B01CD6D22400809A32 /* LaunchScreen.storyboard */,
				9D1013B31CD6D22400809A32 /* Info.plist */,
			);
			path = iQuiz;
			sourceTree = "<group>";
		};
/* End PBXGroup section */

/* Begin PBXNativeTarget section */
		9D1013A31CD6D22400809A32 /* iQuiz */ = {
			isa = PBXNativeTarget;
			buildConfigurationList = 9D1013B61CD6D22400809A32 /* Build configuration list for PBXNativeTarget "iQuiz" */;
			buildPhases = (
				9D1013A01CD6D22400809A32 /* Sources */,
				9D1013A11CD6D22400809A32 /* Frameworks */,
				9D1013A21CD6D22400809A32 /* Resources */,
			);
			buildRules = (
			);
			dependencies = (
			);
			name = iQuiz;
			productName = iQuiz;
			productReference = 9D1013A41CD6D22400809A32 /* iQuiz.app */;
			productType = "com.apple.product-type.application";
		};
/* End PBXNativeTarget section */

/* Begin PBXProject section */
		9D10139C1CD6D22400809A32 /* Project object */ = {
			isa = PBXProject;
			attributes = {
				LastSwiftUpdateCheck = 0730;
				LastUpgradeCheck = 0730;
				ORGANIZATIONNAME = iGuest;
				TargetAttributes = {
					9D1013A31CD6D22400809A32 = {
						CreatedOnToolsVersion = 7.3;
						DevelopmentTeam = BLLYFD5DU7;
					};
				};
			};
			buildConfigurationList = 9D10139F1CD6D22400809A32 /* Build configuration list for PBXProject "iQuiz" */;
			compatibilityVersion = "Xcode 3.2";
			developmentRegion = English;
			hasScannedForEncodings = 0;
			knownRegions = (
				en,
				Base,
			);
			mainGroup = 9D10139B1CD6D22400809A32;
			productRefGroup = 9D1013A51CD6D22400809A32 /* Products */;
			projectDirPath = "";
			projectRoot = "";
			targets = (
				9D1013A31CD6D22400809A32 /* iQuiz */,
			);
		};
/* End PBXProject section */

/* Begin PBXResourcesBuildPhase section */
		9D1013A21CD6D22400809A32 /* Resources */ = {
			isa = PBXResourcesBuildPhase;
			buildActionMask = 2147483647;
			files = (
				9D1013B21CD6D22400809A32 /* LaunchScreen.storyboard in Resources */,
				9D1013AF1CD6D22400809A32 /* Assets.xcassets in Resources */,
				9D1013AD1CD6D22400809A32 /* Main.storyboard in Resources */,
			);
			runOnlyForDeploymentPostprocessing = 0;
		};
/* End PBXResourcesBuildPhase section */

/* Begin PBXSourcesBuildPhase section */
		9D1013A01CD6D22400809A32 /* Sources */ = {
			isa = PBXSourcesBuildPhase;
			buildActionMask = 2147483647;
			files = (
				9D1013AA1CD6D22400809A32 /* ViewController.swift in Sources */,
				9D1013BC1CD6D46D00809A32 /* CustomCell.swift in Sources */,
				9D5ED45D1CE2DCEF003F997C /* AnswerViewController.swift in Sources */,
				9D95EC681CE6A827004266A3 /* Info.swift in Sources */,
				9D5ED45B1CE2DC78003F997C /* QuestionViewController.swift in Sources */,
				9D1013A81CD6D22400809A32 /* AppDelegate.swift in Sources */,
				9D5ED4631CE2E1CA003F997C /* topic.swift in Sources */,
				9D5ED45F1CE2DD31003F997C /* ResultsViewController.swift in Sources */,
				9D5ED4611CE2E02D003F997C /* question.swift in Sources */,
			);
			runOnlyForDeploymentPostprocessing = 0;
		};
/* End PBXSourcesBuildPhase section */

/* Begin PBXVariantGroup section */
		9D1013AB1CD6D22400809A32 /* Main.storyboard */ = {
			isa = PBXVariantGroup;
			children = (
				9D1013AC1CD6D22400809A32 /* Base */,
			);
			name = Main.storyboard;
			sourceTree = "<group>";
		};
		9D1013B01CD6D22400809A32 /* LaunchScreen.storyboard */ = {
			isa = PBXVariantGroup;
			children = (
				9D1013B11CD6D22400809A32 /* Base */,
			);
			name = LaunchScreen.storyboard;
			sourceTree = "<group>";
		};
/* End PBXVariantGroup section */

/* Begin XCBuildConfiguration section */
		9D1013B41CD6D22400809A32 /* Debug */ = {
			isa = XCBuildConfiguration;
			buildSettings = {
				ALWAYS_SEARCH_USER_PATHS = NO;
				CLANG_ANALYZER_NONNULL = YES;
				CLANG_CXX_LANGUAGE_STANDARD = "gnu++0x";
				CLANG_CXX_LIBRARY = "libc++";
				CLANG_ENABLE_MODULES = YES;
				CLANG_ENABLE_OBJC_ARC = YES;
				CLANG_WARN_BOOL_CONVERSION = YES;
				CLANG_WARN_CONSTANT_CONVERSION = YES;
				CLANG_WARN_DIRECT_OBJC_ISA_USAGE = YES_ERROR;
				CLANG_WARN_EMPTY_BODY = YES;
				CLANG_WARN_ENUM_CONVERSION = YES;
				CLANG_WARN_INT_CONVERSION = YES;
				CLANG_WARN_OBJC_ROOT_CLASS = YES_ERROR;
				CLANG_WARN_UNREACHABLE_CODE = YES;
				CLANG_WARN__DUPLICATE_METHOD_MATCH = YES;
				"CODE_SIGN_IDENTITY[sdk=iphoneos*]" = "iPhone Developer";
				COPY_PHASE_STRIP = NO;
				DEBUG_INFORMATION_FORMAT = dwarf;
				ENABLE_STRICT_OBJC_MSGSEND = YES;
				ENABLE_TESTABILITY = YES;
				GCC_C_LANGUAGE_STANDARD = gnu99;
				GCC_DYNAMIC_NO_PIC = NO;
				GCC_NO_COMMON_BLOCKS = YES;
				GCC_OPTIMIZATION_LEVEL = 0;
				GCC_PREPROCESSOR_DEFINITIONS = (
					"DEBUG=1",
					"$(inherited)",
				);
				GCC_WARN_64_TO_32_BIT_CONVERSION = YES;
				GCC_WARN_ABOUT_RETURN_TYPE = YES_ERROR;
				GCC_WARN_UNDECLARED_SELECTOR = YES;
				GCC_WARN_UNINITIALIZED_AUTOS = YES_AGGRESSIVE;
				GCC_WARN_UNUSED_FUNCTION = YES;
				GCC_WARN_UNUSED_VARIABLE = YES;
				IPHONEOS_DEPLOYMENT_TARGET = 9.3;
				MTL_ENABLE_DEBUG_INFO = YES;
				ONLY_ACTIVE_ARCH = YES;
				SDKROOT = iphoneos;
				SWIFT_OPTIMIZATION_LEVEL = "-Onone";
			};
			name = Debug;
		};
		9D1013B51CD6D22400809A32 /* Release */ = {
			isa = XCBuildConfiguration;
			buildSettings = {
				ALWAYS_SEARCH_USER_PATHS = NO;
				CLANG_ANALYZER_NONNULL = YES;
				CLANG_CXX_LANGUAGE_STANDARD = "gnu++0x";
				CLANG_CXX_LIBRARY = "libc++";
				CLANG_ENABLE_MODULES = YES;
				CLANG_ENABLE_OBJC_ARC = YES;
				CLANG_WARN_BOOL_CONVERSION = YES;
				CLANG_WARN_CONSTANT_CONVERSION = YES;
				CLANG_WARN_DIRECT_OBJC_ISA_USAGE = YES_ERROR;
				CLANG_WARN_EMPTY_BODY = YES;
				CLANG_WARN_ENUM_CONVERSION = YES;
				CLANG_WARN_INT_CONVERSION = YES;
				CLANG_WARN_OBJC_ROOT_CLASS = YES_ERROR;
				CLANG_WARN_UNREACHABLE_CODE = YES;
				CLANG_WARN__DUPLICATE_METHOD_MATCH = YES;
				"CODE_SIGN_IDENTITY[sdk=iphoneos*]" = "iPhone Developer";
				COPY_PHASE_STRIP = NO;
				DEBUG_INFORMATION_FORMAT = "dwarf-with-dsym";
				ENABLE_NS_ASSERTIONS = NO;
				ENABLE_STRICT_OBJC_MSGSEND = YES;
				GCC_C_LANGUAGE_STANDARD = gnu99;
				GCC_NO_COMMON_BLOCKS = YES;
				GCC_WARN_64_TO_32_BIT_CONVERSION = YES;
				GCC_WARN_ABOUT_RETURN_TYPE = YES_ERROR;
				GCC_WARN_UNDECLARED_SELECTOR = YES;
				GCC_WARN_UNINITIALIZED_AUTOS = YES_AGGRESSIVE;
				GCC_WARN_UNUSED_FUNCTION = YES;
				GCC_WARN_UNUSED_VARIABLE = YES;
				IPHONEOS_DEPLOYMENT_TARGET = 9.3;
				MTL_ENABLE_DEBUG_INFO = NO;
				SDKROOT = iphoneos;
				VALIDATE_PRODUCT = YES;
			};
			name = Release;
		};
		9D1013B71CD6D22400809A32 /* Debug */ = {
			isa = XCBuildConfiguration;
			buildSettings = {
				ASSETCATALOG_COMPILER_APPICON_NAME = AppIcon;
				CODE_SIGN_IDENTITY = "iPhone Developer";
				"CODE_SIGN_IDENTITY[sdk=iphoneos*]" = "iPhone Developer";
				INFOPLIST_FILE = iQuiz/Info.plist;
				LD_RUNPATH_SEARCH_PATHS = "$(inherited) @executable_path/Frameworks";
				PRODUCT_BUNDLE_IDENTIFIER = uw.edu.ischool.iQuiz;
				PRODUCT_NAME = "$(TARGET_NAME)";
				PROVISIONING_PROFILE = "";
			};
			name = Debug;
		};
		9D1013B81CD6D22400809A32 /* Release */ = {
			isa = XCBuildConfiguration;
			buildSettings = {
				ASSETCATALOG_COMPILER_APPICON_NAME = AppIcon;
				CODE_SIGN_IDENTITY = "iPhone Developer";
				"CODE_SIGN_IDENTITY[sdk=iphoneos*]" = "iPhone Developer";
				INFOPLIST_FILE = iQuiz/Info.plist;
				LD_RUNPATH_SEARCH_PATHS = "$(inherited) @executable_path/Frameworks";
				PRODUCT_BUNDLE_IDENTIFIER = uw.edu.ischool.iQuiz;
				PRODUCT_NAME = "$(TARGET_NAME)";
				PROVISIONING_PROFILE = "";
			};
			name = Release;
		};
/* End XCBuildConfiguration section */

/* Begin XCConfigurationList section */
		9D10139F1CD6D22400809A32 /* Build configuration list for PBXProject "iQuiz" */ = {
			isa = XCConfigurationList;
			buildConfigurations = (
				9D1013B41CD6D22400809A32 /* Debug */,
				9D1013B51CD6D22400809A32 /* Release */,
			);
			defaultConfigurationIsVisible = 0;
			defaultConfigurationName = Release;
		};
		9D1013B61CD6D22400809A32 /* Build configuration list for PBXNativeTarget "iQuiz" */ = {
			isa = XCConfigurationList;
			buildConfigurations = (
				9D1013B71CD6D22400809A32 /* Debug */,
				9D1013B81CD6D22400809A32 /* Release */,
			);
			defaultConfigurationIsVisible = 0;
			defaultConfigurationName = Release;
		};
/* End XCConfigurationList section */
	};
	rootObject = 9D10139C1CD6D22400809A32 /* Project object */;
}
